
Microsoft Visual Studio Solution File, Format Version 12.00
# Visual Studio 15
VisualStudioVersion = 15.0.28307.168
MinimumVisualStudioVersion = 10.0.40219.1
Project("{FAE04EC0-301F-11D3-BF4B-00C04F79EFBC}") = "XamarinApp5_ControleXF.Android", "XamarinApp5_ControleXF\XamarinApp5_ControleXF.Android\XamarinApp5_ControleXF.Android.csproj", "{C970EDF9-F195-4AEF-8930-0E7D044D228B}"
EndProject
Project("{FAE04EC0-301F-11D3-BF4B-00C04F79EFBC}") = "XamarinApp5_ControleXF.iOS", "XamarinApp5_ControleXF\XamarinApp5_ControleXF.iOS\XamarinApp5_ControleXF.iOS.csproj", "{45F5EDC8-D61E-4E67-835F-4B46A379BC59}"
EndProject
Project("{FAE04EC0-301F-11D3-BF4B-00C04F79EFBC}") = "XamarinApp5_ControleXF.UWP", "XamarinApp5_ControleXF\XamarinApp5_ControleXF.UWP\XamarinApp5_ControleXF.UWP.csproj", "{7E36D664-6F37-47A6-A5C0-E03DB9D4C9D6}"
EndProject
Project("{FAE04EC0-301F-11D3-BF4B-00C04F79EFBC}") = "XamarinApp5_ControleXF", "XamarinApp5_ControleXF\XamarinApp5_ControleXF\XamarinApp5_ControleXF.csproj", "{FC2A9575-DD42-4E03-B809-318A042ADAA7}"
EndProject
Global
	GlobalSection(SolutionConfigurationPlatforms) = preSolution
		Ad-Hoc|Any CPU = Ad-Hoc|Any CPU
		Ad-Hoc|ARM = Ad-Hoc|ARM
		Ad-Hoc|iPhone = Ad-Hoc|iPhone
		Ad-Hoc|iPhoneSimulator = Ad-Hoc|iPhoneSimulator
		Ad-Hoc|x64 = Ad-Hoc|x64
		Ad-Hoc|x86 = Ad-Hoc|x86
		AppStore|Any CPU = AppStore|Any CPU
		AppStore|ARM = AppStore|ARM
		AppStore|iPhone = AppStore|iPhone
		AppStore|iPhoneSimulator = AppStore|iPhoneSimulator
		AppStore|x64 = AppStore|x64
		AppStore|x86 = AppStore|x86
		Debug|Any CPU = Debug|Any CPU
		Debug|ARM = Debug|ARM
		Debug|iPhone = Debug|iPhone
		Debug|iPhoneSimulator = Debug|iPhoneSimulator
		Debug|x64 = Debug|x64
		Debug|x86 = Debug|x86
		Release|Any CPU = Release|Any CPU
		Release|ARM = Release|ARM
		Release|iPhone = Release|iPhone
		Release|iPhoneSimulator = Release|iPhoneSimulator
		Release|x64 = Release|x64
		Release|x86 = Release|x86
	EndGlobalSection
	GlobalSection(ProjectConfigurationPlatforms) = postSolution
		{C970EDF9-F195-4AEF-8930-0E7D044D228B}.Ad-Hoc|Any CPU.ActiveCfg = Release|Any CPU
		{C970EDF9-F195-4AEF-8930-0E7D044D228B}.Ad-Hoc|Any CPU.Build.0 = Release|Any CPU
		{C970EDF9-F195-4AEF-8930-0E7D044D228B}.Ad-Hoc|Any CPU.Deploy.0 = Release|Any CPU
		{C970EDF9-F195-4AEF-8930-0E7D044D228B}.Ad-Hoc|ARM.ActiveCfg = Release|Any CPU
		{C970EDF9-F195-4AEF-8930-0E7D044D228B}.Ad-Hoc|ARM.Build.0 = Release|Any CPU
		{C970EDF9-F195-4AEF-8930-0E7D044D228B}.Ad-Hoc|ARM.Deploy.0 = Release|Any CPU
		{C970EDF9-F195-4AEF-8930-0E7D044D228B}.Ad-Hoc|iPhone.ActiveCfg = Release|Any CPU
		{C970EDF9-F195-4AEF-8930-0E7D044D228B}.Ad-Hoc|iPhone.Build.0 = Release|Any CPU
		{C970EDF9-F195-4AEF-8930-0E7D044D228B}.Ad-Hoc|iPhone.Deploy.0 = Release|Any CPU
		{C970EDF9-F195-4AEF-8930-0E7D044D228B}.Ad-Hoc|iPhoneSimulator.ActiveCfg = Release|Any CPU
		{C970EDF9-F195-4AEF-8930-0E7D044D228B}.Ad-Hoc|iPhoneSimulator.Build.0 = Release|Any CPU
		{C970EDF9-F195-4AEF-8930-0E7D044D228B}.Ad-Hoc|iPhoneSimulator.Deploy.0 = Release|Any CPU
		{C970EDF9-F195-4AEF-8930-0E7D044D228B}.Ad-Hoc|x64.ActiveCfg = Release|Any CPU
		{C970EDF9-F195-4AEF-8930-0E7D044D228B}.Ad-Hoc|x64.Build.0 = Release|Any CPU
		{C970EDF9-F195-4AEF-8930-0E7D044D228B}.Ad-Hoc|x64.Deploy.0 = Release|Any CPU
		{C970EDF9-F195-4AEF-8930-0E7D044D228B}.Ad-Hoc|x86.ActiveCfg = Release|Any CPU
		{C970EDF9-F195-4AEF-8930-0E7D044D228B}.Ad-Hoc|x86.Build.0 = Release|Any CPU
		{C970EDF9-F195-4AEF-8930-0E7D044D228B}.Ad-Hoc|x86.Deploy.0 = Release|Any CPU
		{C970EDF9-F195-4AEF-8930-0E7D044D228B}.AppStore|Any CPU.ActiveCfg = Release|Any CPU
		{C970EDF9-F195-4AEF-8930-0E7D044D228B}.AppStore|Any CPU.Build.0 = Release|Any CPU
		{C970EDF9-F195-4AEF-8930-0E7D044D228B}.AppStore|Any CPU.Deploy.0 = Release|Any CPU
		{C970EDF9-F195-4AEF-8930-0E7D044D228B}.AppStore|ARM.ActiveCfg = Release|Any CPU
		{C970EDF9-F195-4AEF-8930-0E7D044D228B}.AppStore|ARM.Build.0 = Release|Any CPU
		{C970EDF9-F195-4AEF-8930-0E7D044D228B}.AppStore|ARM.Deploy.0 = Release|Any CPU
		{C970EDF9-F195-4AEF-8930-0E7D044D228B}.AppStore|iPhone.ActiveCfg = Release|Any CPU
		{C970EDF9-F195-4AEF-8930-0E7D044D228B}.AppStore|iPhone.Build.0 = Release|Any CPU
		{C970EDF9-F195-4AEF-8930-0E7D044D228B}.AppStore|iPhone.Deploy.0 = Release|Any CPU
		{C970EDF9-F195-4AEF-8930-0E7D044D228B}.AppStore|iPhoneSimulator.ActiveCfg = Release|Any CPU
		{C970EDF9-F195-4AEF-8930-0E7D044D228B}.AppStore|iPhoneSimulator.Build.0 = Release|Any CPU
		{C970EDF9-F195-4AEF-8930-0E7D044D228B}.AppStore|iPhoneSimulator.Deploy.0 = Release|Any CPU
		{C970EDF9-F195-4AEF-8930-0E7D044D228B}.AppStore|x64.ActiveCfg = Release|Any CPU
		{C970EDF9-F195-4AEF-8930-0E7D044D228B}.AppStore|x64.Build.0 = Release|Any CPU
		{C970EDF9-F195-4AEF-8930-0E7D044D228B}.AppStore|x64.Deploy.0 = Release|Any CPU
		{C970EDF9-F195-4AEF-8930-0E7D044D228B}.AppStore|x86.ActiveCfg = Release|Any CPU
		{C970EDF9-F195-4AEF-8930-0E7D044D228B}.AppStore|x86.Build.0 = Release|Any CPU
		{C970EDF9-F195-4AEF-8930-0E7D044D228B}.AppStore|x86.Deploy.0 = Release|Any CPU
		{C970EDF9-F195-4AEF-8930-0E7D044D228B}.Debug|Any CPU.ActiveCfg = Debug|Any CPU
		{C970EDF9-F195-4AEF-8930-0E7D044D228B}.Debug|Any CPU.Build.0 = Debug|Any CPU
		{C970EDF9-F195-4AEF-8930-0E7D044D228B}.Debug|Any CPU.Deploy.0 = Debug|Any CPU
		{C970EDF9-F195-4AEF-8930-0E7D044D228B}.Debug|ARM.ActiveCfg = Debug|Any CPU
		{C970EDF9-F195-4AEF-8930-0E7D044D228B}.Debug|ARM.Build.0 = Debug|Any CPU
		{C970EDF9-F195-4AEF-8930-0E7D044D228B}.Debug|ARM.Deploy.0 = Debug|Any CPU
		{C970EDF9-F195-4AEF-8930-0E7D044D228B}.Debug|iPhone.ActiveCfg = Debug|Any CPU
		{C970EDF9-F195-4AEF-8930-0E7D044D228B}.Debug|iPhone.Build.0 = Debug|Any CPU
		{C970EDF9-F195-4AEF-8930-0E7D044D228B}.Debug|iPhone.Deploy.0 = Debug|Any CPU
		{C970EDF9-F195-4AEF-8930-0E7D044D228B}.Debug|iPhoneSimulator.ActiveCfg = Debug|Any CPU
		{C970EDF9-F195-4AEF-8930-0E7D044D228B}.Debug|iPhoneSimulator.Build.0 = Debug|Any CPU
		{C970EDF9-F195-4AEF-8930-0E7D044D228B}.Debug|iPhoneSimulator.Deploy.0 = Debug|Any CPU
		{C970EDF9-F195-4AEF-8930-0E7D044D228B}.Debug|x64.ActiveCfg = Debug|Any CPU
		{C970EDF9-F195-4AEF-8930-0E7D044D228B}.Debug|x64.Build.0 = Debug|Any CPU
		{C970EDF9-F195-4AEF-8930-0E7D044D228B}.Debug|x64.Deploy.0 = Debug|Any CPU
		{C970EDF9-F195-4AEF-8930-0E7D044D228B}.Debug|x86.ActiveCfg = Debug|Any CPU
		{C970EDF9-F195-4AEF-8930-0E7D044D228B}.Debug|x86.Build.0 = Debug|Any CPU
		{C970EDF9-F195-4AEF-8930-0E7D044D228B}.Debug|x86.Deploy.0 = Debug|Any CPU
		{C970EDF9-F195-4AEF-8930-0E7D044D228B}.Release|Any CPU.ActiveCfg = Release|Any CPU
		{C970EDF9-F195-4AEF-8930-0E7D044D228B}.Release|Any CPU.Build.0 = Release|Any CPU
		{C970EDF9-F195-4AEF-8930-0E7D044D228B}.Release|Any CPU.Deploy.0 = Release|Any CPU
		{C970EDF9-F195-4AEF-8930-0E7D044D228B}.Release|ARM.ActiveCfg = Release|Any CPU
		{C970EDF9-F195-4AEF-8930-0E7D044D228B}.Release|ARM.Build.0 = Release|Any CPU
		{C970EDF9-F195-4AEF-8930-0E7D044D228B}.Release|ARM.Deploy.0 = Release|Any CPU
		{C970EDF9-F195-4AEF-8930-0E7D044D228B}.Release|iPhone.ActiveCfg = Release|Any CPU
		{C970EDF9-F195-4AEF-8930-0E7D044D228B}.Release|iPhone.Build.0 = Release|Any CPU
		{C970EDF9-F195-4AEF-8930-0E7D044D228B}.Release|iPhone.Deploy.0 = Release|Any CPU
		{C970EDF9-F195-4AEF-8930-0E7D044D228B}.Release|iPhoneSimulator.ActiveCfg = Release|Any CPU
		{C970EDF9-F195-4AEF-8930-0E7D044D228B}.Release|iPhoneSimulator.Build.0 = Release|Any CPU
		{C970EDF9-F195-4AEF-8930-0E7D044D228B}.Release|iPhoneSimulator.Deploy.0 = Release|Any CPU
		{C970EDF9-F195-4AEF-8930-0E7D044D228B}.Release|x64.ActiveCfg = Release|Any CPU
		{C970EDF9-F195-4AEF-8930-0E7D044D228B}.Release|x64.Build.0 = Release|Any CPU
		{C970EDF9-F195-4AEF-8930-0E7D044D228B}.Release|x64.Deploy.0 = Release|Any CPU
		{C970EDF9-F195-4AEF-8930-0E7D044D228B}.Release|x86.ActiveCfg = Release|Any CPU
		{C970EDF9-F195-4AEF-8930-0E7D044D228B}.Release|x86.Build.0 = Release|Any CPU
		{C970EDF9-F195-4AEF-8930-0E7D044D228B}.Release|x86.Deploy.0 = Release|Any CPU
		{45F5EDC8-D61E-4E67-835F-4B46A379BC59}.Ad-Hoc|Any CPU.ActiveCfg = Ad-Hoc|iPhone
		{45F5EDC8-D61E-4E67-835F-4B46A379BC59}.Ad-Hoc|Any CPU.Build.0 = Ad-Hoc|iPhone
		{45F5EDC8-D61E-4E67-835F-4B46A379BC59}.Ad-Hoc|Any CPU.Deploy.0 = Ad-Hoc|iPhone
		{45F5EDC8-D61E-4E67-835F-4B46A379BC59}.Ad-Hoc|ARM.ActiveCfg = Ad-Hoc|iPhone
		{45F5EDC8-D61E-4E67-835F-4B46A379BC59}.Ad-Hoc|ARM.Build.0 = Ad-Hoc|iPhone
		{45F5EDC8-D61E-4E67-835F-4B46A379BC59}.Ad-Hoc|ARM.Deploy.0 = Ad-Hoc|iPhone
		{45F5EDC8-D61E-4E67-835F-4B46A379BC59}.Ad-Hoc|iPhone.ActiveCfg = Ad-Hoc|iPhone
		{45F5EDC8-D61E-4E67-835F-4B46A379BC59}.Ad-Hoc|iPhone.Build.0 = Ad-Hoc|iPhone
		{45F5EDC8-D61E-4E67-835F-4B46A379BC59}.Ad-Hoc|iPhone.Deploy.0 = Ad-Hoc|iPhone
		{45F5EDC8-D61E-4E67-835F-4B46A379BC59}.Ad-Hoc|iPhoneSimulator.ActiveCfg = Ad-Hoc|iPhoneSimulator
		{45F5EDC8-D61E-4E67-835F-4B46A379BC59}.Ad-Hoc|iPhoneSimulator.Build.0 = Ad-Hoc|iPhoneSimulator
		{45F5EDC8-D61E-4E67-835F-4B46A379BC59}.Ad-Hoc|iPhoneSimulator.Deploy.0 = Ad-Hoc|iPhoneSimulator
		{45F5EDC8-D61E-4E67-835F-4B46A379BC59}.Ad-Hoc|x64.ActiveCfg = Ad-Hoc|iPhone
		{45F5EDC8-D61E-4E67-835F-4B46A379BC59}.Ad-Hoc|x64.Build.0 = Ad-Hoc|iPhone
		{45F5EDC8-D61E-4E67-835F-4B46A379BC59}.Ad-Hoc|x64.Deploy.0 = Ad-Hoc|iPhone
		{45F5EDC8-D61E-4E67-835F-4B46A379BC59}.Ad-Hoc|x86.ActiveCfg = Ad-Hoc|iPhone
		{45F5EDC8-D61E-4E67-835F-4B46A379BC59}.Ad-Hoc|x86.Build.0 = Ad-Hoc|iPhone
		{45F5EDC8-D61E-4E67-835F-4B46A379BC59}.Ad-Hoc|x86.Deploy.0 = Ad-Hoc|iPhone
		{45F5EDC8-D61E-4E67-835F-4B46A379BC59}.AppStore|Any CPU.ActiveCfg = AppStore|iPhone
		{45F5EDC8-D61E-4E67-835F-4B46A379BC59}.AppStore|Any CPU.Build.0 = AppStore|iPhone
		{45F5EDC8-D61E-4E67-835F-4B46A379BC59}.AppStore|Any CPU.Deploy.0 = AppStore|iPhone
		{45F5EDC8-D61E-4E67-835F-4B46A379BC59}.AppStore|ARM.ActiveCfg = AppStore|iPhone
		{45F5EDC8-D61E-4E67-835F-4B46A379BC59}.AppStore|ARM.Build.0 = AppStore|iPhone
		{45F5EDC8-D61E-4E67-835F-4B46A379BC59}.AppStore|ARM.Deploy.0 = AppStore|iPhone
		{45F5EDC8-D61E-4E67-835F-4B46A379BC59}.AppStore|iPhone.ActiveCfg = AppStore|iPhone
		{45F5EDC8-D61E-4E67-835F-4B46A379BC59}.AppStore|iPhone.Build.0 = AppStore|iPhone
		{45F5EDC8-D61E-4E67-835F-4B46A379BC59}.AppStore|iPhone.Deploy.0 = AppStore|iPhone
		{45F5EDC8-D61E-4E67-835F-4B46A379BC59}.AppStore|iPhoneSimulator.ActiveCfg = AppStore|iPhoneSimulator
		{45F5EDC8-D61E-4E67-835F-4B46A379BC59}.AppStore|iPhoneSimulator.Build.0 = AppStore|iPhoneSimulator
		{45F5EDC8-D61E-4E67-835F-4B46A379BC59}.AppStore|iPhoneSimulator.Deploy.0 = AppStore|iPhoneSimulator
		{45F5EDC8-D61E-4E67-835F-4B46A379BC59}.AppStore|x64.ActiveCfg = AppStore|iPhone
		{45F5EDC8-D61E-4E67-835F-4B46A379BC59}.AppStore|x64.Build.0 = AppStore|iPhone
		{45F5EDC8-D61E-4E67-835F-4B46A379BC59}.AppStore|x64.Deploy.0 = AppStore|iPhone
		{45F5EDC8-D61E-4E67-835F-4B46A379BC59}.AppStore|x86.ActiveCfg = AppStore|iPhone
		{45F5EDC8-D61E-4E67-835F-4B46A379BC59}.AppStore|x86.Build.0 = AppStore|iPhone
		{45F5EDC8-D61E-4E67-835F-4B46A379BC59}.AppStore|x86.Deploy.0 = AppStore|iPhone
		{45F5EDC8-D61E-4E67-835F-4B46A379BC59}.Debug|Any CPU.ActiveCfg = Debug|iPhoneSimulator
		{45F5EDC8-D61E-4E67-835F-4B46A379BC59}.Debug|Any CPU.Build.0 = Debug|iPhoneSimulator
		{45F5EDC8-D61E-4E67-835F-4B46A379BC59}.Debug|Any CPU.Deploy.0 = Debug|iPhoneSimulator
		{45F5EDC8-D61E-4E67-835F-4B46A379BC59}.Debug|ARM.ActiveCfg = Debug|iPhone
		{45F5EDC8-D61E-4E67-835F-4B46A379BC59}.Debug|ARM.Build.0 = Debug|iPhone
		{45F5EDC8-D61E-4E67-835F-4B46A379BC59}.Debug|ARM.Deploy.0 = Debug|iPhone
		{45F5EDC8-D61E-4E67-835F-4B46A379BC59}.Debug|iPhone.ActiveCfg = Debug|iPhone
		{45F5EDC8-D61E-4E67-835F-4B46A379BC59}.Debug|iPhone.Build.0 = Debug|iPhone
		{45F5EDC8-D61E-4E67-835F-4B46A379BC59}.Debug|iPhone.Deploy.0 = Debug|iPhone
		{45F5EDC8-D61E-4E67-835F-4B46A379BC59}.Debug|iPhoneSimulator.ActiveCfg = Debug|iPhoneSimulator
		{45F5EDC8-D61E-4E67-835F-4B46A379BC59}.Debug|iPhoneSimulator.Build.0 = Debug|iPhoneSimulator
		{45F5EDC8-D61E-4E67-835F-4B46A379BC59}.Debug|iPhoneSimulator.Deploy.0 = Debug|iPhoneSimulator
		{45F5EDC8-D61E-4E67-835F-4B46A379BC59}.Debug|x64.ActiveCfg = Debug|iPhone
		{45F5EDC8-D61E-4E67-835F-4B46A379BC59}.Debug|x64.Build.0 = Debug|iPhone
		{45F5EDC8-D61E-4E67-835F-4B46A379BC59}.Debug|x64.Deploy.0 = Debug|iPhone
		{45F5EDC8-D61E-4E67-835F-4B46A379BC59}.Debug|x86.ActiveCfg = Debug|iPhone
		{45F5EDC8-D61E-4E67-835F-4B46A379BC59}.Debug|x86.Build.0 = Debug|iPhone
		{45F5EDC8-D61E-4E67-835F-4B46A379BC59}.Debug|x86.Deploy.0 = Debug|iPhone
		{45F5EDC8-D61E-4E67-835F-4B46A379BC59}.Release|Any CPU.ActiveCfg = Release|iPhone
		{45F5EDC8-D61E-4E67-835F-4B46A379BC59}.Release|Any CPU.Build.0 = Release|iPhone
		{45F5EDC8-D61E-4E67-835F-4B46A379BC59}.Release|Any CPU.Deploy.0 = Release|iPhone
		{45F5EDC8-D61E-4E67-835F-4B46A379BC59}.Release|ARM.ActiveCfg = Release|iPhone
		{45F5EDC8-D61E-4E67-835F-4B46A379BC59}.Release|ARM.Build.0 = Release|iPhone
		{45F5EDC8-D61E-4E67-835F-4B46A379BC59}.Release|ARM.Deploy.0 = Release|iPhone
		{45F5EDC8-D61E-4E67-835F-4B46A379BC59}.Release|iPhone.ActiveCfg = Release|iPhone
		{45F5EDC8-D61E-4E67-835F-4B46A379BC59}.Release|iPhone.Build.0 = Release|iPhone
		{45F5EDC8-D61E-4E67-835F-4B46A379BC59}.Release|iPhone.Deploy.0 = Release|iPhone
		{45F5EDC8-D61E-4E67-835F-4B46A379BC59}.Release|iPhoneSimulator.ActiveCfg = Release|iPhoneSimulator
		{45F5EDC8-D61E-4E67-835F-4B46A379BC59}.Release|iPhoneSimulator.Build.0 = Release|iPhoneSimulator
		{45F5EDC8-D61E-4E67-835F-4B46A379BC59}.Release|iPhoneSimulator.Deploy.0 = Release|iPhoneSimulator
		{45F5EDC8-D61E-4E67-835F-4B46A379BC59}.Release|x64.ActiveCfg = Release|iPhone
		{45F5EDC8-D61E-4E67-835F-4B46A379BC59}.Release|x64.Build.0 = Release|iPhone
		{45F5EDC8-D61E-4E67-835F-4B46A379BC59}.Release|x64.Deploy.0 = Release|iPhone
		{45F5EDC8-D61E-4E67-835F-4B46A379BC59}.Release|x86.ActiveCfg = Release|iPhone
		{45F5EDC8-D61E-4E67-835F-4B46A379BC59}.Release|x86.Build.0 = Release|iPhone
		{45F5EDC8-D61E-4E67-835F-4B46A379BC59}.Release|x86.Deploy.0 = Release|iPhone
		{7E36D664-6F37-47A6-A5C0-E03DB9D4C9D6}.Ad-Hoc|Any CPU.ActiveCfg = Release|x86
		{7E36D664-6F37-47A6-A5C0-E03DB9D4C9D6}.Ad-Hoc|Any CPU.Build.0 = Release|x86
		{7E36D664-6F37-47A6-A5C0-E03DB9D4C9D6}.Ad-Hoc|Any CPU.Deploy.0 = Release|x86
		{7E36D664-6F37-47A6-A5C0-E03DB9D4C9D6}.Ad-Hoc|ARM.ActiveCfg = Release|ARM
		{7E36D664-6F37-47A6-A5C0-E03DB9D4C9D6}.Ad-Hoc|ARM.Build.0 = Release|ARM
		{7E36D664-6F37-47A6-A5C0-E03DB9D4C9D6}.Ad-Hoc|ARM.Deploy.0 = Release|ARM
		{7E36D664-6F37-47A6-A5C0-E03DB9D4C9D6}.Ad-Hoc|iPhone.ActiveCfg = Release|x86
		{7E36D664-6F37-47A6-A5C0-E03DB9D4C9D6}.Ad-Hoc|iPhone.Build.0 = Release|x86
		{7E36D664-6F37-47A6-A5C0-E03DB9D4C9D6}.Ad-Hoc|iPhone.Deploy.0 = Release|x86
		{7E36D664-6F37-47A6-A5C0-E03DB9D4C9D6}.Ad-Hoc|iPhoneSimulator.ActiveCfg = Release|x86
		{7E36D664-6F37-47A6-A5C0-E03DB9D4C9D6}.Ad-Hoc|iPhoneSimulator.Build.0 = Release|x86
		{7E36D664-6F37-47A6-A5C0-E03DB9D4C9D6}.Ad-Hoc|iPhoneSimulator.Deploy.0 = Release|x86
		{7E36D664-6F37-47A6-A5C0-E03DB9D4C9D6}.Ad-Hoc|x64.ActiveCfg = Release|x64
		{7E36D664-6F37-47A6-A5C0-E03DB9D4C9D6}.Ad-Hoc|x64.Build.0 = Release|x64
		{7E36D664-6F37-47A6-A5C0-E03DB9D4C9D6}.Ad-Hoc|x64.Deploy.0 = Release|x64
		{7E36D664-6F37-47A6-A5C0-E03DB9D4C9D6}.Ad-Hoc|x86.ActiveCfg = Release|x86
		{7E36D664-6F37-47A6-A5C0-E03DB9D4C9D6}.Ad-Hoc|x86.Build.0 = Release|x86
		{7E36D664-6F37-47A6-A5C0-E03DB9D4C9D6}.Ad-Hoc|x86.Deploy.0 = Release|x86
		{7E36D664-6F37-47A6-A5C0-E03DB9D4C9D6}.AppStore|Any CPU.ActiveCfg = Release|x86
		{7E36D664-6F37-47A6-A5C0-E03DB9D4C9D6}.AppStore|Any CPU.Build.0 = Release|x86
		{7E36D664-6F37-47A6-A5C0-E03DB9D4C9D6}.AppStore|Any CPU.Deploy.0 = Release|x86
		{7E36D664-6F37-47A6-A5C0-E03DB9D4C9D6}.AppStore|ARM.ActiveCfg = Release|ARM
		{7E36D664-6F37-47A6-A5C0-E03DB9D4C9D6}.AppStore|ARM.Build.0 = Release|ARM
		{7E36D664-6F37-47A6-A5C0-E03DB9D4C9D6}.AppStore|ARM.Deploy.0 = Release|ARM
		{7E36D664-6F37-47A6-A5C0-E03DB9D4C9D6}.AppStore|iPhone.ActiveCfg = Release|x86
		{7E36D664-6F37-47A6-A5C0-E03DB9D4C9D6}.AppStore|iPhone.Build.0 = Release|x86
		{7E36D664-6F37-47A6-A5C0-E03DB9D4C9D6}.AppStore|iPhone.Deploy.0 = Release|x86
		{7E36D664-6F37-47A6-A5C0-E03DB9D4C9D6}.AppStore|iPhoneSimulator.ActiveCfg = Release|x86
		{7E36D664-6F37-47A6-A5C0-E03DB9D4C9D6}.AppStore|iPhoneSimulator.Build.0 = Release|x86
		{7E36D664-6F37-47A6-A5C0-E03DB9D4C9D6}.AppStore|iPhoneSimulator.Deploy.0 = Release|x86
		{7E36D664-6F37-47A6-A5C0-E03DB9D4C9D6}.AppStore|x64.ActiveCfg = Release|x64
		{7E36D664-6F37-47A6-A5C0-E03DB9D4C9D6}.AppStore|x64.Build.0 = Release|x64
		{7E36D664-6F37-47A6-A5C0-E03DB9D4C9D6}.AppStore|x64.Deploy.0 = Release|x64
		{7E36D664-6F37-47A6-A5C0-E03DB9D4C9D6}.AppStore|x86.ActiveCfg = Release|x86
		{7E36D664-6F37-47A6-A5C0-E03DB9D4C9D6}.AppStore|x86.Build.0 = Release|x86
		{7E36D664-6F37-47A6-A5C0-E03DB9D4C9D6}.AppStore|x86.Deploy.0 = Release|x86
		{7E36D664-6F37-47A6-A5C0-E03DB9D4C9D6}.Debug|Any CPU.ActiveCfg = Debug|x86
		{7E36D664-6F37-47A6-A5C0-E03DB9D4C9D6}.Debug|Any CPU.Build.0 = Debug|x86
		{7E36D664-6F37-47A6-A5C0-E03DB9D4C9D6}.Debug|Any CPU.Deploy.0 = Debug|x86
		{7E36D664-6F37-47A6-A5C0-E03DB9D4C9D6}.Debug|ARM.ActiveCfg = Debug|ARM
		{7E36D664-6F37-47A6-A5C0-E03DB9D4C9D6}.Debug|ARM.Build.0 = Debug|ARM
		{7E36D664-6F37-47A6-A5C0-E03DB9D4C9D6}.Debug|ARM.Deploy.0 = Debug|ARM
		{7E36D664-6F37-47A6-A5C0-E03DB9D4C9D6}.Debug|iPhone.ActiveCfg = Debug|x86
		{7E36D664-6F37-47A6-A5C0-E03DB9D4C9D6}.Debug|iPhone.Build.0 = Debug|x86
		{7E36D664-6F37-47A6-A5C0-E03DB9D4C9D6}.Debug|iPhone.Deploy.0 = Debug|x86
		{7E36D664-6F37-47A6-A5C0-E03DB9D4C9D6}.Debug|iPhoneSimulator.ActiveCfg = Debug|x86
		{7E36D664-6F37-47A6-A5C0-E03DB9D4C9D6}.Debug|iPhoneSimulator.Build.0 = Debug|x86
		{7E36D664-6F37-47A6-A5C0-E03DB9D4C9D6}.Debug|iPhoneSimulator.Deploy.0 = Debug|x86
		{7E36D664-6F37-47A6-A5C0-E03DB9D4C9D6}.Debug|x64.ActiveCfg = Debug|x64
		{7E36D664-6F37-47A6-A5C0-E03DB9D4C9D6}.Debug|x64.Build.0 = Debug|x64
		{7E36D664-6F37-47A6-A5C0-E03DB9D4C9D6}.Debug|x64.Deploy.0 = Debug|x64
		{7E36D664-6F37-47A6-A5C0-E03DB9D4C9D6}.Debug|x86.ActiveCfg = Debug|x86
		{7E36D664-6F37-47A6-A5C0-E03DB9D4C9D6}.Debug|x86.Build.0 = Debug|x86
		{7E36D664-6F37-47A6-A5C0-E03DB9D4C9D6}.Debug|x86.Deploy.0 = Debug|x86
		{7E36D664-6F37-47A6-A5C0-E03DB9D4C9D6}.Release|Any CPU.ActiveCfg = Release|x86
		{7E36D664-6F37-47A6-A5C0-E03DB9D4C9D6}.Release|Any CPU.Build.0 = Release|x86
		{7E36D664-6F37-47A6-A5C0-E03DB9D4C9D6}.Release|Any CPU.Deploy.0 = Release|x86
		{7E36D664-6F37-47A6-A5C0-E03DB9D4C9D6}.Release|ARM.ActiveCfg = Release|ARM
		{7E36D664-6F37-47A6-A5C0-E03DB9D4C9D6}.Release|ARM.Build.0 = Release|ARM
		{7E36D664-6F37-47A6-A5C0-E03DB9D4C9D6}.Release|ARM.Deploy.0 = Release|ARM
		{7E36D664-6F37-47A6-A5C0-E03DB9D4C9D6}.Release|iPhone.ActiveCfg = Release|x86
		{7E36D664-6F37-47A6-A5C0-E03DB9D4C9D6}.Release|iPhone.Build.0 = Release|x86
		{7E36D664-6F37-47A6-A5C0-E03DB9D4C9D6}.Release|iPhone.Deploy.0 = Release|x86
		{7E36D664-6F37-47A6-A5C0-E03DB9D4C9D6}.Release|iPhoneSimulator.ActiveCfg = Release|x86
		{7E36D664-6F37-47A6-A5C0-E03DB9D4C9D6}.Release|iPhoneSimulator.Build.0 = Release|x86
		{7E36D664-6F37-47A6-A5C0-E03DB9D4C9D6}.Release|iPhoneSimulator.Deploy.0 = Release|x86
		{7E36D664-6F37-47A6-A5C0-E03DB9D4C9D6}.Release|x64.ActiveCfg = Release|x64
		{7E36D664-6F37-47A6-A5C0-E03DB9D4C9D6}.Release|x64.Build.0 = Release|x64
		{7E36D664-6F37-47A6-A5C0-E03DB9D4C9D6}.Release|x64.Deploy.0 = Release|x64
		{7E36D664-6F37-47A6-A5C0-E03DB9D4C9D6}.Release|x86.ActiveCfg = Release|x86
		{7E36D664-6F37-47A6-A5C0-E03DB9D4C9D6}.Release|x86.Build.0 = Release|x86
		{7E36D664-6F37-47A6-A5C0-E03DB9D4C9D6}.Release|x86.Deploy.0 = Release|x86
		{FC2A9575-DD42-4E03-B809-318A042ADAA7}.Ad-Hoc|Any CPU.ActiveCfg = Debug|Any CPU
		{FC2A9575-DD42-4E03-B809-318A042ADAA7}.Ad-Hoc|Any CPU.Build.0 = Debug|Any CPU
		{FC2A9575-DD42-4E03-B809-318A042ADAA7}.Ad-Hoc|Any CPU.Deploy.0 = Debug|Any CPU
		{FC2A9575-DD42-4E03-B809-318A042ADAA7}.Ad-Hoc|ARM.ActiveCfg = Debug|Any CPU
		{FC2A9575-DD42-4E03-B809-318A042ADAA7}.Ad-Hoc|ARM.Build.0 = Debug|Any CPU
		{FC2A9575-DD42-4E03-B809-318A042ADAA7}.Ad-Hoc|ARM.Deploy.0 = Debug|Any CPU
		{FC2A9575-DD42-4E03-B809-318A042ADAA7}.Ad-Hoc|iPhone.ActiveCfg = Debug|Any CPU
		{FC2A9575-DD42-4E03-B809-318A042ADAA7}.Ad-Hoc|iPhone.Build.0 = Debug|Any CPU
		{FC2A9575-DD42-4E03-B809-318A042ADAA7}.Ad-Hoc|iPhone.Deploy.0 = Debug|Any CPU
		{FC2A9575-DD42-4E03-B809-318A042ADAA7}.Ad-Hoc|iPhoneSimulator.ActiveCfg = Debug|Any CPU
		{FC2A9575-DD42-4E03-B809-318A042ADAA7}.Ad-Hoc|iPhoneSimulator.Build.0 = Debug|Any CPU
		{FC2A9575-DD42-4E03-B809-318A042ADAA7}.Ad-Hoc|iPhoneSimulator.Deploy.0 = Debug|Any CPU
		{FC2A9575-DD42-4E03-B809-318A042ADAA7}.Ad-Hoc|x64.ActiveCfg = Debug|Any CPU
		{FC2A9575-DD42-4E03-B809-318A042ADAA7}.Ad-Hoc|x64.Build.0 = Debug|Any CPU
		{FC2A9575-DD42-4E03-B809-318A042ADAA7}.Ad-Hoc|x64.Deploy.0 = Debug|Any CPU
		{FC2A9575-DD42-4E03-B809-318A042ADAA7}.Ad-Hoc|x86.ActiveCfg = Debug|Any CPU
		{FC2A9575-DD42-4E03-B809-318A042ADAA7}.Ad-Hoc|x86.Build.0 = Debug|Any CPU
		{FC2A9575-DD42-4E03-B809-318A042ADAA7}.Ad-Hoc|x86.Deploy.0 = Debug|Any CPU
		{FC2A9575-DD42-4E03-B809-318A042ADAA7}.AppStore|Any CPU.ActiveCfg = Debug|Any CPU
		{FC2A9575-DD42-4E03-B809-318A042ADAA7}.AppStore|Any CPU.Build.0 = Debug|Any CPU
		{FC2A9575-DD42-4E03-B809-318A042ADAA7}.AppStore|Any CPU.Deploy.0 = Debug|Any CPU
		{FC2A9575-DD42-4E03-B809-318A042ADAA7}.AppStore|ARM.ActiveCfg = Debug|Any CPU
		{FC2A9575-DD42-4E03-B809-318A042ADAA7}.AppStore|ARM.Build.0 = Debug|Any CPU
		{FC2A9575-DD42-4E03-B809-318A042ADAA7}.AppStore|ARM.Deploy.0 = Debug|Any CPU
		{FC2A9575-DD42-4E03-B809-318A042ADAA7}.AppStore|iPhone.ActiveCfg = Debug|Any CPU
		{FC2A9575-DD42-4E03-B809-318A042ADAA7}.AppStore|iPhone.Build.0 = Debug|Any CPU
		{FC2A9575-DD42-4E03-B809-318A042ADAA7}.AppStore|iPhone.Deploy.0 = Debug|Any CPU
		{FC2A9575-DD42-4E03-B809-318A042ADAA7}.AppStore|iPhoneSimulator.ActiveCfg = Debug|Any CPU
		{FC2A9575-DD42-4E03-B809-318A042ADAA7}.AppStore|iPhoneSimulator.Build.0 = Debug|Any CPU
		{FC2A9575-DD42-4E03-B809-318A042ADAA7}.AppStore|iPhoneSimulator.Deploy.0 = Debug|Any CPU
		{FC2A9575-DD42-4E03-B809-318A042ADAA7}.AppStore|x64.ActiveCfg = Debug|Any CPU
		{FC2A9575-DD42-4E03-B809-318A042ADAA7}.AppStore|x64.Build.0 = Debug|Any CPU
		{FC2A9575-DD42-4E03-B809-318A042ADAA7}.AppStore|x64.Deploy.0 = Debug|Any CPU
		{FC2A9575-DD42-4E03-B809-318A042ADAA7}.AppStore|x86.ActiveCfg = Debug|Any CPU
		{FC2A9575-DD42-4E03-B809-318A042ADAA7}.AppStore|x86.Build.0 = Debug|Any CPU
		{FC2A9575-DD42-4E03-B809-318A042ADAA7}.AppStore|x86.Deploy.0 = Debug|Any CPU
		{FC2A9575-DD42-4E03-B809-318A042ADAA7}.Debug|Any CPU.ActiveCfg = Debug|Any CPU
		{FC2A9575-DD42-4E03-B809-318A042ADAA7}.Debug|Any CPU.Build.0 = Debug|Any CPU
		{FC2A9575-DD42-4E03-B809-318A042ADAA7}.Debug|Any CPU.Deploy.0 = Debug|Any CPU
		{FC2A9575-DD42-4E03-B809-318A042ADAA7}.Debug|ARM.ActiveCfg = Debug|Any CPU
		{FC2A9575-DD42-4E03-B809-318A042ADAA7}.Debug|ARM.Build.0 = Debug|Any CPU
		{FC2A9575-DD42-4E03-B809-318A042ADAA7}.Debug|ARM.Deploy.0 = Debug|Any CPU
		{FC2A9575-DD42-4E03-B809-318A042ADAA7}.Debug|iPhone.ActiveCfg = Debug|Any CPU
		{FC2A9575-DD42-4E03-B809-318A042ADAA7}.Debug|iPhone.Build.0 = Debug|Any CPU
		{FC2A9575-DD42-4E03-B809-318A042ADAA7}.Debug|iPhone.Deploy.0 = Debug|Any CPU
		{FC2A9575-DD42-4E03-B809-318A042ADAA7}.Debug|iPhoneSimulator.ActiveCfg = Debug|Any CPU
		{FC2A9575-DD42-4E03-B809-318A042ADAA7}.Debug|iPhoneSimulator.Build.0 = Debug|Any CPU
		{FC2A9575-DD42-4E03-B809-318A042ADAA7}.Debug|iPhoneSimulator.Deploy.0 = Debug|Any CPU
		{FC2A9575-DD42-4E03-B809-318A042ADAA7}.Debug|x64.ActiveCfg = Debug|Any CPU
		{FC2A9575-DD42-4E03-B809-318A042ADAA7}.Debug|x64.Build.0 = Debug|Any CPU
		{FC2A9575-DD42-4E03-B809-318A042ADAA7}.Debug|x64.Deploy.0 = Debug|Any CPU
		{FC2A9575-DD42-4E03-B809-318A042ADAA7}.Debug|x86.ActiveCfg = Debug|Any CPU
		{FC2A9575-DD42-4E03-B809-318A042ADAA7}.Debug|x86.Build.0 = Debug|Any CPU
		{FC2A9575-DD42-4E03-B809-318A042ADAA7}.Debug|x86.Deploy.0 = Debug|Any CPU
		{FC2A9575-DD42-4E03-B809-318A042ADAA7}.Release|Any CPU.ActiveCfg = Release|Any CPU
		{FC2A9575-DD42-4E03-B809-318A042ADAA7}.Release|Any CPU.Build.0 = Release|Any CPU
		{FC2A9575-DD42-4E03-B809-318A042ADAA7}.Release|Any CPU.Deploy.0 = Release|Any CPU
		{FC2A9575-DD42-4E03-B809-318A042ADAA7}.Release|ARM.ActiveCfg = Release|Any CPU
		{FC2A9575-DD42-4E03-B809-318A042ADAA7}.Release|ARM.Build.0 = Release|Any CPU
		{FC2A9575-DD42-4E03-B809-318A042ADAA7}.Release|ARM.Deploy.0 = Release|Any CPU
		{FC2A9575-DD42-4E03-B809-318A042ADAA7}.Release|iPhone.ActiveCfg = Release|Any CPU
		{FC2A9575-DD42-4E03-B809-318A042ADAA7}.Release|iPhone.Build.0 = Release|Any CPU
		{FC2A9575-DD42-4E03-B809-318A042ADAA7}.Release|iPhone.Deploy.0 = Release|Any CPU
		{FC2A9575-DD42-4E03-B809-318A042ADAA7}.Release|iPhoneSimulator.ActiveCfg = Release|Any CPU
		{FC2A9575-DD42-4E03-B809-318A042ADAA7}.Release|iPhoneSimulator.Build.0 = Release|Any CPU
		{FC2A9575-DD42-4E03-B809-318A042ADAA7}.Release|iPhoneSimulator.Deploy.0 = Release|Any CPU
		{FC2A9575-DD42-4E03-B809-318A042ADAA7}.Release|x64.ActiveCfg = Release|Any CPU
		{FC2A9575-DD42-4E03-B809-318A042ADAA7}.Release|x64.Build.0 = Release|Any CPU
		{FC2A9575-DD42-4E03-B809-318A042ADAA7}.Release|x64.Deploy.0 = Release|Any CPU
		{FC2A9575-DD42-4E03-B809-318A042ADAA7}.Release|x86.ActiveCfg = Release|Any CPU
		{FC2A9575-DD42-4E03-B809-318A042ADAA7}.Release|x86.Build.0 = Release|Any CPU
		{FC2A9575-DD42-4E03-B809-318A042ADAA7}.Release|x86.Deploy.0 = Release|Any CPU
	EndGlobalSection
	GlobalSection(SolutionProperties) = preSolution
		HideSolutionNode = FALSE
	EndGlobalSection
	GlobalSection(ExtensibilityGlobals) = postSolution
		SolutionGuid = {9F6CC8D0-BC61-44BE-AD81-D782A7D8DBB6}
	EndGlobalSection
EndGlobal
